Microsoft Visual Studio Solution File, Format Version 12.00
# Visual Studio 2012
Project("{FAE04EC0-301F-11D3-BF4B-00C04F79EFBC}") = "EESaga", "EESaga.csproj", "{DE97173C-4879-4668-B31D-6FF5FA578EE6}"
EndProject
Global
	GlobalSection(SolutionConfigurationPlatforms) = preSolution
	Debug|Any CPU = Debug|Any CPU
	ExportDebug|Any CPU = ExportDebug|Any CPU
	ExportRelease|Any CPU = ExportRelease|Any CPU
	EndGlobalSection
	GlobalSection(ProjectConfigurationPlatforms) = postSolution
		{DE97173C-4879-4668-B31D-6FF5FA578EE6}.Debug|Any CPU.ActiveCfg = Debug|Any CPU
		{DE97173C-4879-4668-B31D-6FF5FA578EE6}.Debug|Any CPU.Build.0 = Debug|Any CPU
		{DE97173C-4879-4668-B31D-6FF5FA578EE6}.ExportDebug|Any CPU.ActiveCfg = ExportDebug|Any CPU
		{DE97173C-4879-4668-B31D-6FF5FA578EE6}.ExportDebug|Any CPU.Build.0 = ExportDebug|Any CPU
		{DE97173C-4879-4668-B31D-6FF5FA578EE6}.ExportRelease|Any CPU.ActiveCfg = ExportRelease|Any CPU
		{DE97173C-4879-4668-B31D-6FF5FA578EE6}.ExportRelease|Any CPU.Build.0 = ExportRelease|Any CPU
	EndGlobalSection
EndGlobal
